# THIS IS AN AUTOGENERATED FILE. DO NOT EDIT THIS FILE DIRECTLY.
# yarn lockfile v1


"@creditkarma/thrift-parser@^1.1.4":
  version "1.1.4"
  resolved "https://registry.yarnpkg.com/@creditkarma/thrift-parser/-/thrift-parser-1.1.4.tgz#4926d96c4212aef8dce4eac873f6ab27aa52f464"
  integrity sha1-SSbZbEISrvjc5OrIc/arJ6pS9GQ=

"@types/graphql@^14.0.3":
  version "14.0.3"
  resolved "https://registry.yarnpkg.com/@types/graphql/-/graphql-14.0.3.tgz#389e2e5b83ecdb376d9f98fae2094297bc112c1c"
  integrity sha512-TcFkpEjcQK7w8OcrQcd7iIBPjU0rdyi3ldj6d0iJ4PPSzbWqPBvXj9KSwO14hTOX2dm9RoiH7VuxksJLNYdXUQ==

"@types/node@^10.12.18":
  version "10.12.18"
  resolved "https://registry.yarnpkg.com/@types/node/-/node-10.12.18.tgz#1d3ca764718915584fcd9f6344621b7672665c67"
  integrity sha512-fh+pAqt4xRzPfqA6eh3Z2y6fyZavRIumvjhaCL753+TVkGKGhpPeyrJG2JftD0T9q4GF00KjefsQ+PQNDdWQaQ==

graphql@^14.0.2:
  version "14.0.2"
  resolved "https://registry.yarnpkg.com/graphql/-/graphql-14.0.2.tgz#7dded337a4c3fd2d075692323384034b357f5650"
  integrity sha512-gUC4YYsaiSJT1h40krG3J+USGlwhzNTXSb4IOZljn9ag5Tj+RkoXrWp+Kh7WyE3t1NCfab5kzCuxBIvOMERMXw==
  dependencies:
    iterall "^1.2.2"

iterall@^1.2.2:
  version "1.2.2"
  resolved "https://registry.yarnpkg.com/iterall/-/iterall-1.2.2.tgz#92d70deb8028e0c39ff3164fdbf4d8b088130cd7"
  integrity sha512-yynBb1g+RFUPY64fTrFv7nsjRrENBQJaX2UL+2Szc9REFrSNm1rpSXHGzhmAy7a9uv3vlvgBlXnf9RqmPH1/DA==

typescript@^3.2.2:
  version "3.2.2"
  resolved "https://registry.yarnpkg.com/typescript/-/typescript-3.2.2.tgz#fe8101c46aa123f8353523ebdcf5730c2ae493e5"
  integrity sha512-VCj5UiSyHBjwfYacmDuc/NOk4QQixbE+Wn7MFJuS0nRuPQbof132Pw4u53dm264O8LPc2MVsc7RJNml5szurkg==
